// !$*UTF8*$!
{
	archiveVersion = 1;
	classes = {
	};
	objectVersion = 51;
	objects = {

/* Begin PBXBuildFile section */
		8BAC644A05D44A6198EFEE2B /* Pods_GoogleBooks.framework in Frameworks */ = {isa = PBXBuildFile; fileRef = 7EC2B30F4CB7DB7F2FD6D6AE /* Pods_GoogleBooks.framework */; };
		F06B6EBE244205F500DD6C4E /* JSONUtil.swift in Sources */ = {isa = PBXBuildFile; fileRef = F06B6EBD244205F500DD6C4E /* JSONUtil.swift */; };
		F06B6EC12442113900DD6C4E /* BooksTableCell.swift in Sources */ = {isa = PBXBuildFile; fileRef = F06B6EC02442113900DD6C4E /* BooksTableCell.swift */; };
		F0874A102440DBC60013670D /* AppDelegate.swift in Sources */ = {isa = PBXBuildFile; fileRef = F0874A0F2440DBC60013670D /* AppDelegate.swift */; };
		F0874A122440DBC60013670D /* SceneDelegate.swift in Sources */ = {isa = PBXBuildFile; fileRef = F0874A112440DBC60013670D /* SceneDelegate.swift */; };
		F0874A172440DBC60013670D /* Main.storyboard in Resources */ = {isa = PBXBuildFile; fileRef = F0874A152440DBC60013670D /* Main.storyboard */; };
		F0874A192440DBC80013670D /* Assets.xcassets in Resources */ = {isa = PBXBuildFile; fileRef = F0874A182440DBC80013670D /* Assets.xcassets */; };
		F0874A1C2440DBC80013670D /* LaunchScreen.storyboard in Resources */ = {isa = PBXBuildFile; fileRef = F0874A1A2440DBC80013670D /* LaunchScreen.storyboard */; };
		F0A059F1244125C000AFC11F /* BooksTableController.swift in Sources */ = {isa = PBXBuildFile; fileRef = F0A059F0244125C000AFC11F /* BooksTableController.swift */; };
		F0A059F32441263E00AFC11F /* BookDetailsController.swift in Sources */ = {isa = PBXBuildFile; fileRef = F0A059F22441263E00AFC11F /* BookDetailsController.swift */; };
		F0A059F524412AEC00AFC11F /* BooksTableViewModel.swift in Sources */ = {isa = PBXBuildFile; fileRef = F0A059F424412AEC00AFC11F /* BooksTableViewModel.swift */; };
		F0A059F724412C4C00AFC11F /* BookDetailsViewModel.swift in Sources */ = {isa = PBXBuildFile; fileRef = F0A059F624412C4C00AFC11F /* BookDetailsViewModel.swift */; };
		F0A059FA2441389C00AFC11F /* Volume.swift in Sources */ = {isa = PBXBuildFile; fileRef = F0A059F92441389C00AFC11F /* Volume.swift */; };
		F0A059FC244138B900AFC11F /* VolumesQueryResponse.swift in Sources */ = {isa = PBXBuildFile; fileRef = F0A059FB244138B900AFC11F /* VolumesQueryResponse.swift */; };
		F0A059FF24413F6900AFC11F /* SpinnerView.swift in Sources */ = {isa = PBXBuildFile; fileRef = F0A059FE24413F6900AFC11F /* SpinnerView.swift */; };
		F0AA5C222440E8F500E35463 /* GoogleBooksAPI.swift in Sources */ = {isa = PBXBuildFile; fileRef = F0AA5C212440E8F500E35463 /* GoogleBooksAPI.swift */; };
/* End PBXBuildFile section */

/* Begin PBXFileReference section */
		53E9F75375B1663EF9731F5F /* Pods-GoogleBooks.release.xcconfig */ = {isa = PBXFileReference; includeInIndex = 1; lastKnownFileType = text.xcconfig; name = "Pods-GoogleBooks.release.xcconfig"; path = "Target Support Files/Pods-GoogleBooks/Pods-GoogleBooks.release.xcconfig"; sourceTree = "<group>"; };
		7EC2B30F4CB7DB7F2FD6D6AE /* Pods_GoogleBooks.framework */ = {isa = PBXFileReference; explicitFileType = wrapper.framework; includeInIndex = 0; path = Pods_GoogleBooks.framework; sourceTree = BUILT_PRODUCTS_DIR; };
		F06B6EBD244205F500DD6C4E /* JSONUtil.swift */ = {isa = PBXFileReference; lastKnownFileType = sourcecode.swift; path = JSONUtil.swift; sourceTree = "<group>"; };
		F06B6EC02442113900DD6C4E /* BooksTableCell.swift */ = {isa = PBXFileReference; lastKnownFileType = sourcecode.swift; path = BooksTableCell.swift; sourceTree = "<group>"; };
		F0874A0C2440DBC60013670D /* GoogleBooks.app */ = {isa = PBXFileReference; explicitFileType = wrapper.application; includeInIndex = 0; path = GoogleBooks.app; sourceTree = BUILT_PRODUCTS_DIR; };
		F0874A0F2440DBC60013670D /* AppDelegate.swift */ = {isa = PBXFileReference; lastKnownFileType = sourcecode.swift; path = AppDelegate.swift; sourceTree = "<group>"; };
		F0874A112440DBC60013670D /* SceneDelegate.swift */ = {isa = PBXFileReference; lastKnownFileType = sourcecode.swift; path = SceneDelegate.swift; sourceTree = "<group>"; };
		F0874A162440DBC60013670D /* Base */ = {isa = PBXFileReference; lastKnownFileType = file.storyboard; name = Base; path = Base.lproj/Main.storyboard; sourceTree = "<group>"; };
		F0874A182440DBC80013670D /* Assets.xcassets */ = {isa = PBXFileReference; lastKnownFileType = folder.assetcatalog; path = Assets.xcassets; sourceTree = "<group>"; };
		F0874A1B2440DBC80013670D /* Base */ = {isa = PBXFileReference; lastKnownFileType = file.storyboard; name = Base; path = Base.lproj/LaunchScreen.storyboard; sourceTree = "<group>"; };
		F0874A1D2440DBC80013670D /* Info.plist */ = {isa = PBXFileReference; lastKnownFileType = text.plist.xml; path = Info.plist; sourceTree = "<group>"; };
		F0A059F0244125C000AFC11F /* BooksTableController.swift */ = {isa = PBXFileReference; lastKnownFileType = sourcecode.swift; path = BooksTableController.swift; sourceTree = "<group>"; };
		F0A059F22441263E00AFC11F /* BookDetailsController.swift */ = {isa = PBXFileReference; lastKnownFileType = sourcecode.swift; path = BookDetailsController.swift; sourceTree = "<group>"; };
		F0A059F424412AEC00AFC11F /* BooksTableViewModel.swift */ = {isa = PBXFileReference; lastKnownFileType = sourcecode.swift; path = BooksTableViewModel.swift; sourceTree = "<group>"; };
		F0A059F624412C4C00AFC11F /* BookDetailsViewModel.swift */ = {isa = PBXFileReference; lastKnownFileType = sourcecode.swift; path = BookDetailsViewModel.swift; sourceTree = "<group>"; };
		F0A059F92441389C00AFC11F /* Volume.swift */ = {isa = PBXFileReference; lastKnownFileType = sourcecode.swift; path = Volume.swift; sourceTree = "<group>"; };
		F0A059FB244138B900AFC11F /* VolumesQueryResponse.swift */ = {isa = PBXFileReference; lastKnownFileType = sourcecode.swift; path = VolumesQueryResponse.swift; sourceTree = "<group>"; };
		F0A059FE24413F6900AFC11F /* SpinnerView.swift */ = {isa = PBXFileReference; lastKnownFileType = sourcecode.swift; path = SpinnerView.swift; sourceTree = "<group>"; };
		F0AA5C212440E8F500E35463 /* GoogleBooksAPI.swift */ = {isa = PBXFileReference; lastKnownFileType = sourcecode.swift; path = GoogleBooksAPI.swift; sourceTree = "<group>"; };
		FDF7B11A01CFC8E4640B4199 /* Pods-GoogleBooks.debug.xcconfig */ = {isa = PBXFileReference; includeInIndex = 1; lastKnownFileType = text.xcconfig; name = "Pods-GoogleBooks.debug.xcconfig"; path = "Target Support Files/Pods-GoogleBooks/Pods-GoogleBooks.debug.xcconfig"; sourceTree = "<group>"; };
/* End PBXFileReference section */

/* Begin PBXFrameworksBuildPhase section */
		F0874A092440DBC60013670D /* Frameworks */ = {
			isa = PBXFrameworksBuildPhase;
			buildActionMask = 2147483647;
			files = (
				8BAC644A05D44A6198EFEE2B /* Pods_GoogleBooks.framework in Frameworks */,
			);
			runOnlyForDeploymentPostprocessing = 0;
		};
/* End PBXFrameworksBuildPhase section */

/* Begin PBXGroup section */
		5AA9A304F082247E211B43D4 /* Frameworks */ = {
			isa = PBXGroup;
			children = (
				7EC2B30F4CB7DB7F2FD6D6AE /* Pods_GoogleBooks.framework */,
			);
			name = Frameworks;
			sourceTree = "<group>";
		};
		F06B6EBF244210FA00DD6C4E /* Cells */ = {
			isa = PBXGroup;
			children = (
				F06B6EC02442113900DD6C4E /* BooksTableCell.swift */,
			);
			path = Cells;
			sourceTree = "<group>";
		};
		F0874A032440DBC60013670D = {
			isa = PBXGroup;
			children = (
				F0874A0E2440DBC60013670D /* GoogleBooks */,
				F0874A0D2440DBC60013670D /* Products */,
				FEA3456E90811FBB0A52ADA3 /* Pods */,
				5AA9A304F082247E211B43D4 /* Frameworks */,
			);
			sourceTree = "<group>";
		};
		F0874A0D2440DBC60013670D /* Products */ = {
			isa = PBXGroup;
			children = (
				F0874A0C2440DBC60013670D /* GoogleBooks.app */,
			);
			name = Products;
			sourceTree = "<group>";
		};
		F0874A0E2440DBC60013670D /* GoogleBooks */ = {
			isa = PBXGroup;
			children = (
				F0A059F824412C9800AFC11F /* Utils */,
				F0AA5C202440E8C400E35463 /* Views */,
				F0AA5C1E2440E73400E35463 /* Storyboards */,
				F0AA5C1D2440E6C600E35463 /* Networking */,
				F0AA5C1C2440E66500E35463 /* View Models */,
				F0AA5C1A2440E65600E35463 /* Models */,
				F0874A0F2440DBC60013670D /* AppDelegate.swift */,
				F0874A112440DBC60013670D /* SceneDelegate.swift */,
				F0874A182440DBC80013670D /* Assets.xcassets */,
				F0874A1D2440DBC80013670D /* Info.plist */,
			);
			path = GoogleBooks;
			sourceTree = "<group>";
		};
		F0A059F824412C9800AFC11F /* Utils */ = {
			isa = PBXGroup;
			children = (
				F06B6EBD244205F500DD6C4E /* JSONUtil.swift */,
			);
			path = Utils;
			sourceTree = "<group>";
		};
		F0A059FD24413F3A00AFC11F /* Utils */ = {
			isa = PBXGroup;
			children = (
				F0A059FE24413F6900AFC11F /* SpinnerView.swift */,
			);
			path = Utils;
			sourceTree = "<group>";
		};
		F0AA5C1A2440E65600E35463 /* Models */ = {
			isa = PBXGroup;
			children = (
				F0A059F92441389C00AFC11F /* Volume.swift */,
				F0A059FB244138B900AFC11F /* VolumesQueryResponse.swift */,
			);
			path = Models;
			sourceTree = "<group>";
		};
		F0AA5C1C2440E66500E35463 /* View Models */ = {
			isa = PBXGroup;
			children = (
				F0A059F424412AEC00AFC11F /* BooksTableViewModel.swift */,
				F0A059F624412C4C00AFC11F /* BookDetailsViewModel.swift */,
			);
			path = "View Models";
			sourceTree = "<group>";
		};
		F0AA5C1D2440E6C600E35463 /* Networking */ = {
			isa = PBXGroup;
			children = (
				F0AA5C212440E8F500E35463 /* GoogleBooksAPI.swift */,
			);
			path = Networking;
			sourceTree = "<group>";
		};
		F0AA5C1E2440E73400E35463 /* Storyboards */ = {
			isa = PBXGroup;
			children = (
				F0874A152440DBC60013670D /* Main.storyboard */,
				F0874A1A2440DBC80013670D /* LaunchScreen.storyboard */,
			);
			path = Storyboards;
			sourceTree = "<group>";
		};
		F0AA5C202440E8C400E35463 /* Views */ = {
			isa = PBXGroup;
			children = (
				F06B6EBF244210FA00DD6C4E /* Cells */,
				F0A059FD24413F3A00AFC11F /* Utils */,
				F0A059F0244125C000AFC11F /* BooksTableController.swift */,
				F0A059F22441263E00AFC11F /* BookDetailsController.swift */,
			);
			path = Views;
			sourceTree = "<group>";
		};
		FEA3456E90811FBB0A52ADA3 /* Pods */ = {
			isa = PBXGroup;
			children = (
				FDF7B11A01CFC8E4640B4199 /* Pods-GoogleBooks.debug.xcconfig */,
				53E9F75375B1663EF9731F5F /* Pods-GoogleBooks.release.xcconfig */,
			);
			path = Pods;
			sourceTree = "<group>";
		};
/* End PBXGroup section */

/* Begin PBXNativeTarget section */
		F0874A0B2440DBC60013670D /* GoogleBooks */ = {
			isa = PBXNativeTarget;
			buildConfigurationList = F0874A202440DBC80013670D /* Build configuration list for PBXNativeTarget "GoogleBooks" */;
			buildPhases = (
				24C548D190F004057052BB12 /* [CP] Check Pods Manifest.lock */,
				F0874A082440DBC60013670D /* Sources */,
				F0874A092440DBC60013670D /* Frameworks */,
				F0874A0A2440DBC60013670D /* Resources */,
				5476405FBB583A3A7606D825 /* [CP] Embed Pods Frameworks */,
				F090395D24411DEB00850910 /* Swift Lint */,
			);
			buildRules = (
			);
			dependencies = (
			);
			name = GoogleBooks;
			productName = GoogleBooks;
			productReference = F0874A0C2440DBC60013670D /* GoogleBooks.app */;
			productType = "com.apple.product-type.application";
		};
/* End PBXNativeTarget section */

/* Begin PBXProject section */
		F0874A042440DBC60013670D /* Project object */ = {
			isa = PBXProject;
			attributes = {
				LastSwiftUpdateCheck = 1140;
				LastUpgradeCheck = 1140;
				ORGANIZATIONNAME = "Hugo Flores Perez";
				TargetAttributes = {
					F0874A0B2440DBC60013670D = {
						CreatedOnToolsVersion = 11.4;
					};
				};
			};
			buildConfigurationList = F0874A072440DBC60013670D /* Build configuration list for PBXProject "GoogleBooks" */;
			compatibilityVersion = "Xcode 9.3";
			developmentRegion = en;
			hasScannedForEncodings = 0;
			knownRegions = (
				en,
				Base,
			);
			mainGroup = F0874A032440DBC60013670D;
			productRefGroup = F0874A0D2440DBC60013670D /* Products */;
			projectDirPath = "";
			projectRoot = "";
			targets = (
				F0874A0B2440DBC60013670D /* GoogleBooks */,
			);
		};
/* End PBXProject section */

/* Begin PBXResourcesBuildPhase section */
		F0874A0A2440DBC60013670D /* Resources */ = {
			isa = PBXResourcesBuildPhase;
			buildActionMask = 2147483647;
			files = (
				F0874A1C2440DBC80013670D /* LaunchScreen.storyboard in Resources */,
				F0874A192440DBC80013670D /* Assets.xcassets in Resources */,
				F0874A172440DBC60013670D /* Main.storyboard in Resources */,
			);
			runOnlyForDeploymentPostprocessing = 0;
		};
/* End PBXResourcesBuildPhase section */

/* Begin PBXShellScriptBuildPhase section */
		24C548D190F004057052BB12 /* [CP] Check Pods Manifest.lock */ = {
			isa = PBXShellScriptBuildPhase;
			buildActionMask = 2147483647;
			files = (
			);
			inputFileListPaths = (
			);
			inputPaths = (
				"${PODS_PODFILE_DIR_PATH}/Podfile.lock",
				"${PODS_ROOT}/Manifest.lock",
			);
			name = "[CP] Check Pods Manifest.lock";
			outputFileListPaths = (
			);
			outputPaths = (
				"$(DERIVED_FILE_DIR)/Pods-GoogleBooks-checkManifestLockResult.txt",
			);
			runOnlyForDeploymentPostprocessing = 0;
			shellPath = /bin/sh;
			shellScript = "diff \"${PODS_PODFILE_DIR_PATH}/Podfile.lock\" \"${PODS_ROOT}/Manifest.lock\" > /dev/null\nif [ $? != 0 ] ; then\n    # print error to STDERR\n    echo \"error: The sandbox is not in sync with the Podfile.lock. Run 'pod install' or update your CocoaPods installation.\" >&2\n    exit 1\nfi\n# This output is used by Xcode 'outputs' to avoid re-running this script phase.\necho \"SUCCESS\" > \"${SCRIPT_OUTPUT_FILE_0}\"\n";
			showEnvVarsInLog = 0;
		};
		5476405FBB583A3A7606D825 /* [CP] Embed Pods Frameworks */ = {
			isa = PBXShellScriptBuildPhase;
			buildActionMask = 2147483647;
			files = (
			);
			inputFileListPaths = (
				"${PODS_ROOT}/Target Support Files/Pods-GoogleBooks/Pods-GoogleBooks-frameworks-${CONFIGURATION}-input-files.xcfilelist",
			);
			name = "[CP] Embed Pods Frameworks";
			outputFileListPaths = (
				"${PODS_ROOT}/Target Support Files/Pods-GoogleBooks/Pods-GoogleBooks-frameworks-${CONFIGURATION}-output-files.xcfilelist",
			);
			runOnlyForDeploymentPostprocessing = 0;
			shellPath = /bin/sh;
			shellScript = "\"${PODS_ROOT}/Target Support Files/Pods-GoogleBooks/Pods-GoogleBooks-frameworks.sh\"\n";
			showEnvVarsInLog = 0;
		};
		F090395D24411DEB00850910 /* Swift Lint */ = {
			isa = PBXShellScriptBuildPhase;
			buildActionMask = 2147483647;
			files = (
			);
			inputFileListPaths = (
			);
			inputPaths = (
			);
			name = "Swift Lint";
			outputFileListPaths = (
			);
			outputPaths = (
			);
			runOnlyForDeploymentPostprocessing = 0;
			shellPath = /bin/sh;
			shellScript = "# Type a script or drag a script file from your workspace to insert its path.\n\"${PODS_ROOT}/SwiftLint/swiftlint\"\n";
		};
/* End PBXShellScriptBuildPhase section */

/* Begin PBXSourcesBuildPhase section */
		F0874A082440DBC60013670D /* Sources */ = {
			isa = PBXSourcesBuildPhase;
			buildActionMask = 2147483647;
			files = (
				F0A059F524412AEC00AFC11F /* BooksTableViewModel.swift in Sources */,
				F0A059F724412C4C00AFC11F /* BookDetailsViewModel.swift in Sources */,
				F0A059F32441263E00AFC11F /* BookDetailsController.swift in Sources */,
				F0AA5C222440E8F500E35463 /* GoogleBooksAPI.swift in Sources */,
				F0874A102440DBC60013670D /* AppDelegate.swift in Sources */,
				F0874A122440DBC60013670D /* SceneDelegate.swift in Sources */,
				F0A059FF24413F6900AFC11F /* SpinnerView.swift in Sources */,
				F0A059FC244138B900AFC11F /* VolumesQueryResponse.swift in Sources */,
				F0A059F1244125C000AFC11F /* BooksTableController.swift in Sources */,
				F06B6EC12442113900DD6C4E /* BooksTableCell.swift in Sources */,
				F0A059FA2441389C00AFC11F /* Volume.swift in Sources */,
				F06B6EBE244205F500DD6C4E /* JSONUtil.swift in Sources */,
			);
			runOnlyForDeploymentPostprocessing = 0;
		};
/* End PBXSourcesBuildPhase section */

/* Begin PBXVariantGroup section */
		F0874A152440DBC60013670D /* Main.storyboard */ = {
			isa = PBXVariantGroup;
			children = (
				F0874A162440DBC60013670D /* Base */,
			);
			name = Main.storyboard;
			sourceTree = "<group>";
		};
		F0874A1A2440DBC80013670D /* LaunchScreen.storyboard */ = {
			isa = PBXVariantGroup;
			children = (
				F0874A1B2440DBC80013670D /* Base */,
			);
			name = LaunchScreen.storyboard;
			sourceTree = "<group>";
		};
/* End PBXVariantGroup section */

/* Begin XCBuildConfiguration section */
		F0874A1E2440DBC80013670D /* Debug */ = {
			isa = XCBuildConfiguration;
			buildSettings = {
				ALWAYS_SEARCH_USER_PATHS = NO;
				CLANG_ANALYZER_NONNULL = YES;
				CLANG_ANALYZER_NUMBER_OBJECT_CONVERSION = YES_AGGRESSIVE;
				CLANG_CXX_LANGUAGE_STANDARD = "gnu++14";
				CLANG_CXX_LIBRARY = "libc++";
				CLANG_ENABLE_MODULES = YES;
				CLANG_ENABLE_OBJC_ARC = YES;
				CLANG_ENABLE_OBJC_WEAK = YES;
				CLANG_WARN_BLOCK_CAPTURE_AUTORELEASING = YES;
				CLANG_WARN_BOOL_CONVERSION = YES;
				CLANG_WARN_COMMA = YES;
				CLANG_WARN_CONSTANT_CONVERSION = YES;
				CLANG_WARN_DEPRECATED_OBJC_IMPLEMENTATIONS = YES;
				CLANG_WARN_DIRECT_OBJC_ISA_USAGE = YES_ERROR;
				CLANG_WARN_DOCUMENTATION_COMMENTS = YES;
				CLANG_WARN_EMPTY_BODY = YES;
				CLANG_WARN_ENUM_CONVERSION = YES;
				CLANG_WARN_INFINITE_RECURSION = YES;
				CLANG_WARN_INT_CONVERSION = YES;
				CLANG_WARN_NON_LITERAL_NULL_CONVERSION = YES;
				CLANG_WARN_OBJC_IMPLICIT_RETAIN_SELF = YES;
				CLANG_WARN_OBJC_LITERAL_CONVERSION = YES;
				CLANG_WARN_OBJC_ROOT_CLASS = YES_ERROR;
				CLANG_WARN_RANGE_LOOP_ANALYSIS = YES;
				CLANG_WARN_STRICT_PROTOTYPES = YES;
				CLANG_WARN_SUSPICIOUS_MOVE = YES;
				CLANG_WARN_UNGUARDED_AVAILABILITY = YES_AGGRESSIVE;
				CLANG_WARN_UNREACHABLE_CODE = YES;
				CLANG_WARN__DUPLICATE_METHOD_MATCH = YES;
				COPY_PHASE_STRIP = NO;
				DEBUG_INFORMATION_FORMAT = dwarf;
				ENABLE_STRICT_OBJC_MSGSEND = YES;
				ENABLE_TESTABILITY = YES;
				GCC_C_LANGUAGE_STANDARD = gnu11;
				GCC_DYNAMIC_NO_PIC = NO;
				GCC_NO_COMMON_BLOCKS = YES;
				GCC_OPTIMIZATION_LEVEL = 0;
				GCC_PREPROCESSOR_DEFINITIONS = (
					"DEBUG=1",
					"$(inherited)",
				);
				GCC_WARN_64_TO_32_BIT_CONVERSION = YES;
				GCC_WARN_ABOUT_RETURN_TYPE = YES_ERROR;
				GCC_WARN_UNDECLARED_SELECTOR = YES;
				GCC_WARN_UNINITIALIZED_AUTOS = YES_AGGRESSIVE;
				GCC_WARN_UNUSED_FUNCTION = YES;
				GCC_WARN_UNUSED_VARIABLE = YES;
				IPHONEOS_DEPLOYMENT_TARGET = 13.4;
				MTL_ENABLE_DEBUG_INFO = INCLUDE_SOURCE;
				MTL_FAST_MATH = YES;
				ONLY_ACTIVE_ARCH = YES;
				SDKROOT = iphoneos;
				SWIFT_ACTIVE_COMPILATION_CONDITIONS = DEBUG;
				SWIFT_OPTIMIZATION_LEVEL = "-Onone";
			};
			name = Debug;
		};
		F0874A1F2440DBC80013670D /* Release */ = {
			isa = XCBuildConfiguration;
			buildSettings = {
				ALWAYS_SEARCH_USER_PATHS = NO;
				CLANG_ANALYZER_NONNULL = YES;
				CLANG_ANALYZER_NUMBER_OBJECT_CONVERSION = YES_AGGRESSIVE;
				CLANG_CXX_LANGUAGE_STANDARD = "gnu++14";
				CLANG_CXX_LIBRARY = "libc++";
				CLANG_ENABLE_MODULES = YES;
				CLANG_ENABLE_OBJC_ARC = YES;
				CLANG_ENABLE_OBJC_WEAK = YES;
				CLANG_WARN_BLOCK_CAPTURE_AUTORELEASING = YES;
				CLANG_WARN_BOOL_CONVERSION = YES;
				CLANG_WARN_COMMA = YES;
				CLANG_WARN_CONSTANT_CONVERSION = YES;
				CLANG_WARN_DEPRECATED_OBJC_IMPLEMENTATIONS = YES;
				CLANG_WARN_DIRECT_OBJC_ISA_USAGE = YES_ERROR;
				CLANG_WARN_DOCUMENTATION_COMMENTS = YES;
				CLANG_WARN_EMPTY_BODY = YES;
				CLANG_WARN_ENUM_CONVERSION = YES;
				CLANG_WARN_INFINITE_RECURSION = YES;
				CLANG_WARN_INT_CONVERSION = YES;
				CLANG_WARN_NON_LITERAL_NULL_CONVERSION = YES;
				CLANG_WARN_OBJC_IMPLICIT_RETAIN_SELF = YES;
				CLANG_WARN_OBJC_LITERAL_CONVERSION = YES;
				CLANG_WARN_OBJC_ROOT_CLASS = YES_ERROR;
				CLANG_WARN_RANGE_LOOP_ANALYSIS = YES;
				CLANG_WARN_STRICT_PROTOTYPES = YES;
				CLANG_WARN_SUSPICIOUS_MOVE = YES;
				CLANG_WARN_UNGUARDED_AVAILABILITY = YES_AGGRESSIVE;
				CLANG_WARN_UNREACHABLE_CODE = YES;
				CLANG_WARN__DUPLICATE_METHOD_MATCH = YES;
				COPY_PHASE_STRIP = NO;
				DEBUG_INFORMATION_FORMAT = "dwarf-with-dsym";
				ENABLE_NS_ASSERTIONS = NO;
				ENABLE_STRICT_OBJC_MSGSEND = YES;
				GCC_C_LANGUAGE_STANDARD = gnu11;
				GCC_NO_COMMON_BLOCKS = YES;
				GCC_WARN_64_TO_32_BIT_CONVERSION = YES;
				GCC_WARN_ABOUT_RETURN_TYPE = YES_ERROR;
				GCC_WARN_UNDECLARED_SELECTOR = YES;
				GCC_WARN_UNINITIALIZED_AUTOS = YES_AGGRESSIVE;
				GCC_WARN_UNUSED_FUNCTION = YES;
				GCC_WARN_UNUSED_VARIABLE = YES;
				IPHONEOS_DEPLOYMENT_TARGET = 13.4;
				MTL_ENABLE_DEBUG_INFO = NO;
				MTL_FAST_MATH = YES;
				SDKROOT = iphoneos;
				SWIFT_COMPILATION_MODE = wholemodule;
				SWIFT_OPTIMIZATION_LEVEL = "-O";
				VALIDATE_PRODUCT = YES;
			};
			name = Release;
		};
		F0874A212440DBC80013670D /* Debug */ = {
			isa = XCBuildConfiguration;
			baseConfigurationReference = FDF7B11A01CFC8E4640B4199 /* Pods-GoogleBooks.debug.xcconfig */;
			buildSettings = {
				ASSETCATALOG_COMPILER_APPICON_NAME = AppIcon;
				CODE_SIGN_STYLE = Automatic;
				INFOPLIST_FILE = GoogleBooks/Info.plist;
				LD_RUNPATH_SEARCH_PATHS = (
					"$(inherited)",
					"@executable_path/Frameworks",
				);
				PRODUCT_BUNDLE_IDENTIFIER = com.enhanceit.hugo.week1.GoogleBooks;
				PRODUCT_NAME = "$(TARGET_NAME)";
				SWIFT_VERSION = 5.0;
				TARGETED_DEVICE_FAMILY = "1,2";
			};
			name = Debug;
		};
		F0874A222440DBC80013670D /* Release */ = {
			isa = XCBuildConfiguration;
			baseConfigurationReference = 53E9F75375B1663EF9731F5F /* Pods-GoogleBooks.release.xcconfig */;
			buildSettings = {
				ASSETCATALOG_COMPILER_APPICON_NAME = AppIcon;
				CODE_SIGN_STYLE = Automatic;
				INFOPLIST_FILE = GoogleBooks/Info.plist;
				LD_RUNPATH_SEARCH_PATHS = (
					"$(inherited)",
					"@executable_path/Frameworks",
				);
				PRODUCT_BUNDLE_IDENTIFIER = com.enhanceit.hugo.week1.GoogleBooks;
				PRODUCT_NAME = "$(TARGET_NAME)";
				SWIFT_VERSION = 5.0;
				TARGETED_DEVICE_FAMILY = "1,2";
			};
			name = Release;
		};
/* End XCBuildConfiguration section */

/* Begin XCConfigurationList section */
		F0874A072440DBC60013670D /* Build configuration list for PBXProject "GoogleBooks" */ = {
			isa = XCConfigurationList;
			buildConfigurations = (
				F0874A1E2440DBC80013670D /* Debug */,
				F0874A1F2440DBC80013670D /* Release */,
			);
			defaultConfigurationIsVisible = 0;
			defaultConfigurationName = Release;
		};
		F0874A202440DBC80013670D /* Build configuration list for PBXNativeTarget "GoogleBooks" */ = {
			isa = XCConfigurationList;
			buildConfigurations = (
				F0874A212440DBC80013670D /* Debug */,
				F0874A222440DBC80013670D /* Release */,
			);
			defaultConfigurationIsVisible = 0;
			defaultConfigurationName = Release;
		};
/* End XCConfigurationList section */
	};
	rootObject = F0874A042440DBC60013670D /* Project object */;
}
